
Microsoft Visual Studio Solution File, Format Version 11.00
# Visual Studio 2010 Express for Windows Phone
Project("{FAE04EC0-301F-11D3-BF4B-00C04F79EFBC}") = "Wp7Blink", "Wp7Blink\Wp7Blink.csproj", "{3F7477AB-C55F-4FE7-9920-D0757CEEF2FE}"
EndProject
Global
	GlobalSection(SolutionConfigurationPlatforms) = preSolution
		Debug|Any CPU = Debug|Any CPU
		Release|Any CPU = Release|Any CPU
	EndGlobalSection
	GlobalSection(ProjectConfigurationPlatforms) = postSolution
		{3F7477AB-C55F-4FE7-9920-D0757CEEF2FE}.Debug|Any CPU.ActiveCfg = Debug|Any CPU
		{3F7477AB-C55F-4FE7-9920-D0757CEEF2FE}.Debug|Any CPU.Build.0 = Debug|Any CPU
		{3F7477AB-C55F-4FE7-9920-D0757CEEF2FE}.Debug|Any CPU.Deploy.0 = Debug|Any CPU
		{3F7477AB-C55F-4FE7-9920-D0757CEEF2FE}.Release|Any CPU.ActiveCfg = Release|Any CPU
		{3F7477AB-C55F-4FE7-9920-D0757CEEF2FE}.Release|Any CPU.Build.0 = Release|Any CPU
		{3F7477AB-C55F-4FE7-9920-D0757CEEF2FE}.Release|Any CPU.Deploy.0 = Release|Any CPU
	EndGlobalSection
	GlobalSection(SolutionProperties) = preSolution
		HideSolutionNode = FALSE
	EndGlobalSection
EndGlobal
